{
  "name": "@lerna-test/core",
  "version": "0.0.2",
  "lockfileVersion": 2,
  "requires": true,
  "packages": {
    "": {
      "name": "@lerna-test/core",
      "version": "0.0.2",
      "license": "ISC",
      "dependencies": {
        "@lerna-test/utils": "file:../utils"
      },
      "bin": {
        "lerna-test": "bin/index.js"
      }
    },
    "../../utils": {
      "extraneous": true
    },
    "../utils": {
      "version": "0.0.2",
      "license": "ISC"
    },
    "node_modules/@lerna-test/utils": {
      "resolved": "../utils",
      "link": true
    }
  },
  "dependencies": {
    "@lerna-test/utils": {
      "version": "file:../utils"
    }
  }
}
